
Microsoft Visual Studio Solution File, Format Version 12.00
# Visual Studio 15
VisualStudioVersion = 15.0.28010.2036
MinimumVisualStudioVersion = 10.0.40219.1
Project("{9A19103F-16F7-4668-BE54-9A1E7A4F7556}") = "CMS.Model", "CMS.Model\CMS.Model.csproj", "{CA2313C2-FBB7-48F8-BDC3-D8C118BCAF9D}"
EndProject
Project("{9A19103F-16F7-4668-BE54-9A1E7A4F7556}") = "CMS.Repository", "CMS.Repository\CMS.Repository.csproj", "{2A5DA24B-05A2-4489-AA41-BDF160816845}"
EndProject
Project("{9A19103F-16F7-4668-BE54-9A1E7A4F7556}") = "CMS.Data", "CMS.Data\CMS.Data.csproj", "{0D708410-3B36-48CA-B417-354F973194BA}"
EndProject
Project("{FAE04EC0-301F-11D3-BF4B-00C04F79EFBC}") = "CMS.UI", "CMS.UI\CMS.UI.csproj", "{0ED66C4D-9D1C-4CD0-B224-4F2DF2C2360B}"
EndProject
Project("{FAE04EC0-301F-11D3-BF4B-00C04F79EFBC}") = "CMS.Infrastructure", "CMS.Infrastructure\CMS.Infrastructure.csproj", "{AE6C5D20-2EF6-4C15-9B88-CD660DFDE494}"
EndProject
Global
	GlobalSection(SolutionConfigurationPlatforms) = preSolution
		Debug|Any CPU = Debug|Any CPU
		Release|Any CPU = Release|Any CPU
	EndGlobalSection
	GlobalSection(ProjectConfigurationPlatforms) = postSolution
		{CA2313C2-FBB7-48F8-BDC3-D8C118BCAF9D}.Debug|Any CPU.ActiveCfg = Debug|Any CPU
		{CA2313C2-FBB7-48F8-BDC3-D8C118BCAF9D}.Debug|Any CPU.Build.0 = Debug|Any CPU
		{CA2313C2-FBB7-48F8-BDC3-D8C118BCAF9D}.Release|Any CPU.ActiveCfg = Release|Any CPU
		{CA2313C2-FBB7-48F8-BDC3-D8C118BCAF9D}.Release|Any CPU.Build.0 = Release|Any CPU
		{2A5DA24B-05A2-4489-AA41-BDF160816845}.Debug|Any CPU.ActiveCfg = Debug|Any CPU
		{2A5DA24B-05A2-4489-AA41-BDF160816845}.Debug|Any CPU.Build.0 = Debug|Any CPU
		{2A5DA24B-05A2-4489-AA41-BDF160816845}.Release|Any CPU.ActiveCfg = Release|Any CPU
		{2A5DA24B-05A2-4489-AA41-BDF160816845}.Release|Any CPU.Build.0 = Release|Any CPU
		{0D708410-3B36-48CA-B417-354F973194BA}.Debug|Any CPU.ActiveCfg = Debug|Any CPU
		{0D708410-3B36-48CA-B417-354F973194BA}.Debug|Any CPU.Build.0 = Debug|Any CPU
		{0D708410-3B36-48CA-B417-354F973194BA}.Release|Any CPU.ActiveCfg = Release|Any CPU
		{0D708410-3B36-48CA-B417-354F973194BA}.Release|Any CPU.Build.0 = Release|Any CPU
		{0ED66C4D-9D1C-4CD0-B224-4F2DF2C2360B}.Debug|Any CPU.ActiveCfg = Debug|Any CPU
		{0ED66C4D-9D1C-4CD0-B224-4F2DF2C2360B}.Debug|Any CPU.Build.0 = Debug|Any CPU
		{0ED66C4D-9D1C-4CD0-B224-4F2DF2C2360B}.Release|Any CPU.ActiveCfg = Release|Any CPU
		{0ED66C4D-9D1C-4CD0-B224-4F2DF2C2360B}.Release|Any CPU.Build.0 = Release|Any CPU
		{AE6C5D20-2EF6-4C15-9B88-CD660DFDE494}.Debug|Any CPU.ActiveCfg = Debug|Any CPU
		{AE6C5D20-2EF6-4C15-9B88-CD660DFDE494}.Debug|Any CPU.Build.0 = Debug|Any CPU
		{AE6C5D20-2EF6-4C15-9B88-CD660DFDE494}.Release|Any CPU.ActiveCfg = Release|Any CPU
		{AE6C5D20-2EF6-4C15-9B88-CD660DFDE494}.Release|Any CPU.Build.0 = Release|Any CPU
	EndGlobalSection
	GlobalSection(SolutionProperties) = preSolution
		HideSolutionNode = FALSE
	EndGlobalSection
	GlobalSection(ExtensibilityGlobals) = postSolution
		SolutionGuid = {85A4DC62-CB12-4F5B-8C8B-B71D14435F76}
	EndGlobalSection
EndGlobal
